
Microsoft Visual Studio Solution File, Format Version 12.00
# Visual Studio 15
VisualStudioVersion = 15.0.28010.2036
MinimumVisualStudioVersion = 10.0.40219.1
Project("{FAE04EC0-301F-11D3-BF4B-00C04F79EFBC}") = "Watki", "Watki\Watki.csproj", "{D5FE915F-5A6F-472C-9145-1518CA2BC5BB}"
EndProject
Global
	GlobalSection(SolutionConfigurationPlatforms) = preSolution
		Debug|Any CPU = Debug|Any CPU
		Release|Any CPU = Release|Any CPU
	EndGlobalSection
	GlobalSection(ProjectConfigurationPlatforms) = postSolution
		{D5FE915F-5A6F-472C-9145-1518CA2BC5BB}.Debug|Any CPU.ActiveCfg = Debug|Any CPU
		{D5FE915F-5A6F-472C-9145-1518CA2BC5BB}.Debug|Any CPU.Build.0 = Debug|Any CPU
		{D5FE915F-5A6F-472C-9145-1518CA2BC5BB}.Release|Any CPU.ActiveCfg = Release|Any CPU
		{D5FE915F-5A6F-472C-9145-1518CA2BC5BB}.Release|Any CPU.Build.0 = Release|Any CPU
	EndGlobalSection
	GlobalSection(SolutionProperties) = preSolution
		HideSolutionNode = FALSE
	EndGlobalSection
	GlobalSection(ExtensibilityGlobals) = postSolution
		SolutionGuid = {09DE49AE-D3CC-470C-BE77-3D007B1BE44D}
	EndGlobalSection
EndGlobal
